<?xml version="1.0" encoding="utf-8"?>
<Project ToolsVersion="4.0" xmlns="http://schemas.microsoft.com/developer/msbuild/2003">
  <ItemGroup>
    <ClCompile Include="Battle.cpp" />
    <ClCompile Include="Component.cpp" />
    <ClCompile Include="ConvertRect.cpp" />
    <ClCompile Include="DebugMode.cpp" />
    <ClCompile Include="DungeonMakerHelper.cpp" />
    <ClCompile Include="EnemyBase.cpp" />
    <ClCompile Include="EnemyManager.cpp" />
    <ClCompile Include="Floor.cpp" />
    <ClCompile Include="GameManager.cpp" />
    <ClCompile Include="GeneralConstant.cpp" />
    <ClCompile Include="Image.cpp" />
    <ClCompile Include="Item.cpp" />
    <ClCompile Include="ItemManager.cpp" />
    <ClCompile Include="Main.cpp" />
    <ClCompile Include="MapInfo.cpp" />
    <ClCompile Include="MysteryDungeonMaker.cpp" />
    <ClCompile Include="ObjectBase.cpp" />
    <ClCompile Include="Path.cpp" />
    <ClCompile Include="PlayerBase.cpp" />
    <ClCompile Include="RandExtended.cpp" />
    <ClCompile Include="Rect.cpp" />
    <ClCompile Include="ReducedMap.cpp" />
    <ClCompile Include="Screen.cpp" />
    <ClCompile Include="ScrollingMovement.cpp" />
    <ClCompile Include="Section.cpp" />
    <ClCompile Include="SectionUtil.cpp" />
    <ClCompile Include="Strings.cpp" />
    <ClCompile Include="Vector2.cpp" />
    <ClCompile Include="Wall.cpp" />
    <ClCompile Include="Weapon.cpp" />
    <ClCompile Include="HeapSort.cpp" />
    <ClCompile Include="MapManager.cpp" />
    <ClCompile Include="Stair.cpp" />
    <ClCompile Include="Meat.cpp" />
  </ItemGroup>
  <ItemGroup>
    <ClInclude Include="Battle.h" />
    <ClInclude Include="DebugMode.h" />
    <ClInclude Include="DungeonMakerHelper.h" />
    <ClInclude Include="EnemyManager.h" />
    <ClInclude Include="Floor.h" />
    <ClInclude Include="GameManager.h" />
    <ClInclude Include="GeneralConstant.h" />
    <ClInclude Include="Component.h" />
    <ClInclude Include="ConvertRect.h" />
    <ClInclude Include="EnemyBase.h" />
    <ClInclude Include="IBattle.h" />
    <ClInclude Include="IDrawable.h" />
    <ClInclude Include="IGameProcess.h" />
    <ClInclude Include="IImageAcceptor.h" />
    <ClInclude Include="IImageVisitor.h" />
    <ClInclude Include="IItemTaken.h" />
    <ClInclude Include="Image.h" />
    <ClInclude Include="IScrollable.h" />
    <ClInclude Include="Item.h" />
    <ClInclude Include="ItemManager.h" />
    <ClInclude Include="MapInfo.h" />
    <ClInclude Include="MysteryDungeonMaker.h" />
    <ClInclude Include="ObjectBase.h" />
    <ClInclude Include="Path.h" />
    <ClInclude Include="PlayerBase.h" />
    <ClInclude Include="RandExtended.h" />
    <ClInclude Include="Rect.h" />
    <ClInclude Include="ReducedMap.h" />
    <ClInclude Include="Screen.h" />
    <ClInclude Include="ScrollingMovement.h" />
    <ClInclude Include="Section.h" />
    <ClInclude Include="SectionUtil.h" />
    <ClInclude Include="Strings.h" />
    <ClInclude Include="Vector2.h" />
    <ClInclude Include="Wall.h" />
    <ClInclude Include="Weapon.h" />
    <ClInclude Include="HeapSort.h" />
    <ClInclude Include="MapManager.h" />
    <ClInclude Include="vector_2d.h" />
    <ClInclude Include="Stair.h" />
    <ClInclude Include="IItem.h" />
    <ClInclude Include="Meat.h" />
  </ItemGroup>
</Project>